
Microsoft Visual Studio Solution File, Format Version 12.00
# Visual Studio Version 17
VisualStudioVersion = 17.14.36429.23 d17.14
MinimumVisualStudioVersion = 10.0.40219.1
Project("{FAE04EC0-301F-11D3-BF4B-00C04F79EFBC}") = "TicketApp", "TicketApp\TicketApp.csproj", "{F736D424-F319-4F6C-AE16-2F222C8250F7}"
EndProject
Global
	GlobalSection(SolutionConfigurationPlatforms) = preSolution
		Debug|Any CPU = Debug|Any CPU
		Release|Any CPU = Release|Any CPU
	EndGlobalSection
	GlobalSection(ProjectConfigurationPlatforms) = postSolution
		{F736D424-F319-4F6C-AE16-2F222C8250F7}.Debug|Any CPU.ActiveCfg = Debug|Any CPU
		{F736D424-F319-4F6C-AE16-2F222C8250F7}.Debug|Any CPU.Build.0 = Debug|Any CPU
		{F736D424-F319-4F6C-AE16-2F222C8250F7}.Release|Any CPU.ActiveCfg = Release|Any CPU
		{F736D424-F319-4F6C-AE16-2F222C8250F7}.Release|Any CPU.Build.0 = Release|Any CPU
	EndGlobalSection
	GlobalSection(SolutionProperties) = preSolution
		HideSolutionNode = FALSE
	EndGlobalSection
	GlobalSection(ExtensibilityGlobals) = postSolution
		SolutionGuid = {8060AFDE-79E5-47AD-BAFE-A603CA3473AD}
	EndGlobalSection
EndGlobal
